
Microsoft Visual Studio Solution File, Format Version 12.00
# Visual Studio Version 17
VisualStudioVersion = 17.6.33829.357
MinimumVisualStudioVersion = 10.0.40219.1
Project("{8BC9CEB8-8B4A-11D0-8D11-00A0C91BC942}") = "raylibTest", "raylibTest\raylibTest.vcxproj", "{4C4B3F3C-9C1E-40DA-9AD8-23DB0BCEBEDC}"
EndProject
Global
	GlobalSection(SolutionConfigurationPlatforms) = preSolution
		Debug|x64 = Debug|x64
		Debug|x86 = Debug|x86
		Release|x64 = Release|x64
		Release|x86 = Release|x86
	EndGlobalSection
	GlobalSection(ProjectConfigurationPlatforms) = postSolution
		{4C4B3F3C-9C1E-40DA-9AD8-23DB0BCEBEDC}.Debug|x64.ActiveCfg = Debug|x64
		{4C4B3F3C-9C1E-40DA-9AD8-23DB0BCEBEDC}.Debug|x64.Build.0 = Debug|x64
		{4C4B3F3C-9C1E-40DA-9AD8-23DB0BCEBEDC}.Debug|x86.ActiveCfg = Debug|Win32
		{4C4B3F3C-9C1E-40DA-9AD8-23DB0BCEBEDC}.Debug|x86.Build.0 = Debug|Win32
		{4C4B3F3C-9C1E-40DA-9AD8-23DB0BCEBEDC}.Release|x64.ActiveCfg = Release|x64
		{4C4B3F3C-9C1E-40DA-9AD8-23DB0BCEBEDC}.Release|x64.Build.0 = Release|x64
		{4C4B3F3C-9C1E-40DA-9AD8-23DB0BCEBEDC}.Release|x86.ActiveCfg = Release|Win32
		{4C4B3F3C-9C1E-40DA-9AD8-23DB0BCEBEDC}.Release|x86.Build.0 = Release|Win32
	EndGlobalSection
	GlobalSection(SolutionProperties) = preSolution
		HideSolutionNode = FALSE
	EndGlobalSection
	GlobalSection(ExtensibilityGlobals) = postSolution
		SolutionGuid = {C88DD19B-D96F-43AB-894D-E2B73A67CCF8}
	EndGlobalSection
EndGlobal
